
Microsoft Visual Studio Solution File, Format Version 12.00
# Visual Studio 15
VisualStudioVersion = 15.0.28307.852
MinimumVisualStudioVersion = 10.0.40219.1
Project("{FAE04EC0-301F-11D3-BF4B-00C04F79EFBC}") = "SimpleBinding", "SimpleBinding\SimpleBinding.csproj", "{C77DE432-DBCB-45DE-9BE4-EC96D19B2B4E}"
EndProject
Project("{FAE04EC0-301F-11D3-BF4B-00C04F79EFBC}") = "SimpleBinding.UnitTest", "SimpleBinding.UnitTest\SimpleBinding.UnitTest.csproj", "{F58139CD-2087-4323-8065-4C367518629B}"
EndProject
Global
	GlobalSection(SolutionConfigurationPlatforms) = preSolution
		Debug|Any CPU = Debug|Any CPU
		Release|Any CPU = Release|Any CPU
	EndGlobalSection
	GlobalSection(ProjectConfigurationPlatforms) = postSolution
		{C77DE432-DBCB-45DE-9BE4-EC96D19B2B4E}.Debug|Any CPU.ActiveCfg = Debug|Any CPU
		{C77DE432-DBCB-45DE-9BE4-EC96D19B2B4E}.Debug|Any CPU.Build.0 = Debug|Any CPU
		{C77DE432-DBCB-45DE-9BE4-EC96D19B2B4E}.Release|Any CPU.ActiveCfg = Release|Any CPU
		{C77DE432-DBCB-45DE-9BE4-EC96D19B2B4E}.Release|Any CPU.Build.0 = Release|Any CPU
		{F58139CD-2087-4323-8065-4C367518629B}.Debug|Any CPU.ActiveCfg = Debug|Any CPU
		{F58139CD-2087-4323-8065-4C367518629B}.Debug|Any CPU.Build.0 = Debug|Any CPU
		{F58139CD-2087-4323-8065-4C367518629B}.Release|Any CPU.ActiveCfg = Release|Any CPU
		{F58139CD-2087-4323-8065-4C367518629B}.Release|Any CPU.Build.0 = Release|Any CPU
	EndGlobalSection
	GlobalSection(SolutionProperties) = preSolution
		HideSolutionNode = FALSE
	EndGlobalSection
	GlobalSection(ExtensibilityGlobals) = postSolution
		SolutionGuid = {FDA7F3DC-7654-4B6D-B6B0-249B2BD4EE0A}
	EndGlobalSection
EndGlobal
